
Microsoft Visual Studio Solution File, Format Version 12.00
# Visual Studio Version 16
VisualStudioVersion = 16.0.29409.12
MinimumVisualStudioVersion = 10.0.40219.1
Project("{8BC9CEB8-8B4A-11D0-8D11-00A0C91BC942}") = "Planets", "Planets\Planets.vcxproj", "{B23468AB-EC02-44D1-9A25-7A62F42FA385}"
EndProject
Global
	GlobalSection(SolutionConfigurationPlatforms) = preSolution
		Debug|x64 = Debug|x64
		Debug|x86 = Debug|x86
		Release|x64 = Release|x64
		Release|x86 = Release|x86
	EndGlobalSection
	GlobalSection(ProjectConfigurationPlatforms) = postSolution
		{B23468AB-EC02-44D1-9A25-7A62F42FA385}.Debug|x64.ActiveCfg = Debug|x64
		{B23468AB-EC02-44D1-9A25-7A62F42FA385}.Debug|x64.Build.0 = Debug|x64
		{B23468AB-EC02-44D1-9A25-7A62F42FA385}.Debug|x86.ActiveCfg = Debug|Win32
		{B23468AB-EC02-44D1-9A25-7A62F42FA385}.Debug|x86.Build.0 = Debug|Win32
		{B23468AB-EC02-44D1-9A25-7A62F42FA385}.Release|x64.ActiveCfg = Release|x64
		{B23468AB-EC02-44D1-9A25-7A62F42FA385}.Release|x64.Build.0 = Release|x64
		{B23468AB-EC02-44D1-9A25-7A62F42FA385}.Release|x86.ActiveCfg = Release|Win32
		{B23468AB-EC02-44D1-9A25-7A62F42FA385}.Release|x86.Build.0 = Release|Win32
	EndGlobalSection
	GlobalSection(SolutionProperties) = preSolution
		HideSolutionNode = FALSE
	EndGlobalSection
	GlobalSection(ExtensibilityGlobals) = postSolution
		SolutionGuid = {46E130F4-6FFC-474A-A53C-75A825F40589}
	EndGlobalSection
EndGlobal
